{
  "version": "5",
  "specifiers": {
    "jsr:@db/sqlite@*": "0.13.0",
    "jsr:@denosaurs/plug@1": "1.1.0",
    "jsr:@hono/hono@*": "4.12.21",
    "jsr:@std/encoding@1": "1.0.10",
    "jsr:@std/fmt@1": "1.0.10",
    "jsr:@std/fs@1": "1.0.23",
    "jsr:@std/internal@^1.0.12": "1.0.13",
    "jsr:@std/path@1": "1.0.9",
    "jsr:@std/path@1.0": "1.0.9",
    "jsr:@std/path@^1.1.4": "1.1.4",
    "npm:bcryptjs@*": "3.0.3",
    "npm:postgres@*": "3.4.9"
  },
  "jsr": {
    "@db/sqlite@0.13.0": {
      "integrity": "4545c635e0b3d4ddfdc0f2240f932f24b8ad0178e9c2e3a0f9403e7b18ae2fb5",
      "dependencies": [
        "jsr:@denosaurs/plug",
        "jsr:@std/path@1.0"
      ]
    },
    "@denosaurs/plug@1.1.0": {
      "integrity": "eb2f0b7546c7bca2000d8b0282c54d50d91cf6d75cb26a80df25a6de8c4bc044",
      "dependencies": [
        "jsr:@std/encoding",
        "jsr:@std/fmt",
        "jsr:@std/fs",
        "jsr:@std/path@1"
      ]
    },
    "@hono/hono@4.12.21": {
      "integrity": "27d39e6c93e123f206012b8ab3af70da887fe1da923ca945ec87d4b5f9ef5c94"
    },
    "@std/encoding@1.0.10": {
      "integrity": "8783c6384a2d13abd5e9e87a7ae0520a30e9f56aeeaa3bdf910a3eaaf5c811a1"
    },
    "@std/fmt@1.0.10": {
      "integrity": "90dfba288802ac6de82fb31d0917eb9e4450b9925b954d5e51fc29ac07419db5"
    },
    "@std/fs@1.0.23": {
      "integrity": "3ecbae4ce4fee03b180fa710caff36bb5adb66631c46a6460aaad49515565a37",
      "dependencies": [
        "jsr:@std/internal",
        "jsr:@std/path@^1.1.4"
      ]
    },
    "@std/internal@1.0.13": {
      "integrity": "2f9546691d4ac2d32859c82dff284aaeac980ddeca38430d07941e7e288725c0"
    },
    "@std/path@1.0.9": {
      "integrity": "260a49f11edd3db93dd38350bf9cd1b4d1366afa98e81b86167b4e3dd750129e"
    },
    "@std/path@1.1.4": {
      "integrity": "1d2d43f39efb1b42f0b1882a25486647cb851481862dc7313390b2bb044314b5",
      "dependencies": [
        "jsr:@std/internal"
      ]
    }
  },
  "npm": {
    "bcryptjs@3.0.3": {
      "integrity": "sha512-GlF5wPWnSa/X5LKM1o0wz0suXIINz1iHRLvTS+sLyi7XPbe5ycmYI3DlZqVGZZtDgl4DmasFg7gOB3JYbphV5g==",
      "bin": true
    },
    "postgres@3.4.9": {
      "integrity": "sha512-GD3qdB0x1z9xgFI6cdRD6xu2Sp2WCOEoe3mtnyB5Ee0XrrL5Pe+e4CCnJrRMnL1zYtRDZmQQVbvOttLnKDLnaw=="
    }
  },
  "workspace": {
    "dependencies": [
      "jsr:@hono/hono@*",
      "npm:bcryptjs@*",
      "npm:postgres@*"
    ]
  }
}
